
Microsoft Visual Studio Solution File, Format Version 12.00
# Visual Studio Version 17
VisualStudioVersion = 17.12.35514.174
MinimumVisualStudioVersion = 10.0.40219.1
Project("{2150E333-8FDC-42A3-9474-1A3956D46DE8}") = "Services", "Services", "{B8C94754-740F-4E06-AB38-FBFCC3E6C2D5}"
EndProject
Project("{2150E333-8FDC-42A3-9474-1A3956D46DE8}") = "Catalog", "Catalog", "{4B033FDD-65A1-4F27-8D39-AD413F8E2107}"
EndProject
Project("{FAE04EC0-301F-11D3-BF4B-00C04F79EFBC}") = "Catalog.API", "Services\Catalog\Catalog.API\Catalog.API.csproj", "{1E9FD128-C326-46EF-88A2-30E3E2DBA393}"
EndProject
Project("{2150E333-8FDC-42A3-9474-1A3956D46DE8}") = "BuildingBlocks", "BuildingBlocks", "{C7903178-F183-439E-8481-742DE1F729E6}"
EndProject
Project("{FAE04EC0-301F-11D3-BF4B-00C04F79EFBC}") = "BuildingBlocks", "BuildingBlocks\BuildingBlocks\BuildingBlocks.csproj", "{64D21A39-8DA0-4081-B1E7-7086299B03A3}"
EndProject
Project("{E53339B2-1760-4266-BCC7-CA923CBCF16C}") = "docker-compose", "docker-compose.dcproj", "{8FFB479A-6407-41B0-ACE2-E83B5F2A1FC7}"
EndProject
Project("{2150E333-8FDC-42A3-9474-1A3956D46DE8}") = "Basket", "Basket", "{6B547AE5-0E4A-4A23-B885-206004A7B233}"
EndProject
Project("{FAE04EC0-301F-11D3-BF4B-00C04F79EFBC}") = "Basket.API", "Services\Basket\Basket.API\Basket.API.csproj", "{45F531A1-E93F-4D13-B6A0-D4820820D336}"
EndProject
Project("{2150E333-8FDC-42A3-9474-1A3956D46DE8}") = "Discount", "Discount", "{4D18C6F7-07E0-42DC-9ACA-7D1A897D152C}"
EndProject
Project("{FAE04EC0-301F-11D3-BF4B-00C04F79EFBC}") = "Discount.Grpc", "Services\Discount\Discount.Grpc\Discount.Grpc.csproj", "{4EF38336-B52A-4068-8EDC-E4C1F5598D49}"
EndProject
Project("{2150E333-8FDC-42A3-9474-1A3956D46DE8}") = "Ordering", "Ordering", "{EC503E68-92B4-4A27-8461-C24D2A6F559C}"
EndProject
Project("{FAE04EC0-301F-11D3-BF4B-00C04F79EFBC}") = "Ordering.API", "Services\Ordering\Ordering.API\Ordering.API.csproj", "{50E93177-5BD0-405D-9E4B-0B7B3ED0B2CE}"
EndProject
Project("{FAE04EC0-301F-11D3-BF4B-00C04F79EFBC}") = "Ordering.Domain", "Services\Ordering\Ordering.Domain\Ordering.Domain.csproj", "{887330AC-5F9E-417D-8882-7C348AE38199}"
EndProject
Project("{FAE04EC0-301F-11D3-BF4B-00C04F79EFBC}") = "Ordering.Application", "Services\Ordering\Ordering.Application\Ordering.Application.csproj", "{F4A35516-1C25-4ED3-848B-DA468280CCA2}"
EndProject
Project("{FAE04EC0-301F-11D3-BF4B-00C04F79EFBC}") = "Ordering.Infrastructure", "Services\Ordering\Ordering.Infrastructure\Ordering.Infrastructure.csproj", "{5E19E63E-5FDA-43D0-8AA8-1C0D66C94B3C}"
EndProject
Project("{FAE04EC0-301F-11D3-BF4B-00C04F79EFBC}") = "BuildingBlocks.Messaging", "BuildingBlocks\BuildingBlocks.Messaging\BuildingBlocks.Messaging.csproj", "{A28F402E-6C87-4BE2-A25B-367DC5C28A84}"
EndProject
Project("{2150E333-8FDC-42A3-9474-1A3956D46DE8}") = "ApiGateways", "ApiGateways", "{69B59323-03D5-47DE-80F0-68323A0C709F}"
EndProject
Project("{FAE04EC0-301F-11D3-BF4B-00C04F79EFBC}") = "YarpApiGateway", "ApiGateways\YarpApiGateway\YarpApiGateway.csproj", "{DE40DF18-45E8-4364-9E4F-3AC471D1E702}"
EndProject
Global
	GlobalSection(SolutionConfigurationPlatforms) = preSolution
		Debug|Any CPU = Debug|Any CPU
		Release|Any CPU = Release|Any CPU
	EndGlobalSection
	GlobalSection(ProjectConfigurationPlatforms) = postSolution
		{1E9FD128-C326-46EF-88A2-30E3E2DBA393}.Debug|Any CPU.ActiveCfg = Debug|Any CPU
		{1E9FD128-C326-46EF-88A2-30E3E2DBA393}.Debug|Any CPU.Build.0 = Debug|Any CPU
		{1E9FD128-C326-46EF-88A2-30E3E2DBA393}.Release|Any CPU.ActiveCfg = Release|Any CPU
		{1E9FD128-C326-46EF-88A2-30E3E2DBA393}.Release|Any CPU.Build.0 = Release|Any CPU
		{64D21A39-8DA0-4081-B1E7-7086299B03A3}.Debug|Any CPU.ActiveCfg = Debug|Any CPU
		{64D21A39-8DA0-4081-B1E7-7086299B03A3}.Debug|Any CPU.Build.0 = Debug|Any CPU
		{64D21A39-8DA0-4081-B1E7-7086299B03A3}.Release|Any CPU.ActiveCfg = Release|Any CPU
		{64D21A39-8DA0-4081-B1E7-7086299B03A3}.Release|Any CPU.Build.0 = Release|Any CPU
		{8FFB479A-6407-41B0-ACE2-E83B5F2A1FC7}.Debug|Any CPU.ActiveCfg = Debug|Any CPU
		{8FFB479A-6407-41B0-ACE2-E83B5F2A1FC7}.Debug|Any CPU.Build.0 = Debug|Any CPU
		{8FFB479A-6407-41B0-ACE2-E83B5F2A1FC7}.Release|Any CPU.ActiveCfg = Release|Any CPU
		{8FFB479A-6407-41B0-ACE2-E83B5F2A1FC7}.Release|Any CPU.Build.0 = Release|Any CPU
		{45F531A1-E93F-4D13-B6A0-D4820820D336}.Debug|Any CPU.ActiveCfg = Debug|Any CPU
		{45F531A1-E93F-4D13-B6A0-D4820820D336}.Debug|Any CPU.Build.0 = Debug|Any CPU
		{45F531A1-E93F-4D13-B6A0-D4820820D336}.Release|Any CPU.ActiveCfg = Release|Any CPU
		{45F531A1-E93F-4D13-B6A0-D4820820D336}.Release|Any CPU.Build.0 = Release|Any CPU
		{4EF38336-B52A-4068-8EDC-E4C1F5598D49}.Debug|Any CPU.ActiveCfg = Debug|Any CPU
		{4EF38336-B52A-4068-8EDC-E4C1F5598D49}.Debug|Any CPU.Build.0 = Debug|Any CPU
		{4EF38336-B52A-4068-8EDC-E4C1F5598D49}.Release|Any CPU.ActiveCfg = Release|Any CPU
		{4EF38336-B52A-4068-8EDC-E4C1F5598D49}.Release|Any CPU.Build.0 = Release|Any CPU
		{50E93177-5BD0-405D-9E4B-0B7B3ED0B2CE}.Debug|Any CPU.ActiveCfg = Debug|Any CPU
		{50E93177-5BD0-405D-9E4B-0B7B3ED0B2CE}.Debug|Any CPU.Build.0 = Debug|Any CPU
		{50E93177-5BD0-405D-9E4B-0B7B3ED0B2CE}.Release|Any CPU.ActiveCfg = Release|Any CPU
		{50E93177-5BD0-405D-9E4B-0B7B3ED0B2CE}.Release|Any CPU.Build.0 = Release|Any CPU
		{887330AC-5F9E-417D-8882-7C348AE38199}.Debug|Any CPU.ActiveCfg = Debug|Any CPU
		{887330AC-5F9E-417D-8882-7C348AE38199}.Debug|Any CPU.Build.0 = Debug|Any CPU
		{887330AC-5F9E-417D-8882-7C348AE38199}.Release|Any CPU.ActiveCfg = Release|Any CPU
		{887330AC-5F9E-417D-8882-7C348AE38199}.Release|Any CPU.Build.0 = Release|Any CPU
		{F4A35516-1C25-4ED3-848B-DA468280CCA2}.Debug|Any CPU.ActiveCfg = Debug|Any CPU
		{F4A35516-1C25-4ED3-848B-DA468280CCA2}.Debug|Any CPU.Build.0 = Debug|Any CPU
		{F4A35516-1C25-4ED3-848B-DA468280CCA2}.Release|Any CPU.ActiveCfg = Release|Any CPU
		{F4A35516-1C25-4ED3-848B-DA468280CCA2}.Release|Any CPU.Build.0 = Release|Any CPU
		{5E19E63E-5FDA-43D0-8AA8-1C0D66C94B3C}.Debug|Any CPU.ActiveCfg = Debug|Any CPU
		{5E19E63E-5FDA-43D0-8AA8-1C0D66C94B3C}.Debug|Any CPU.Build.0 = Debug|Any CPU
		{5E19E63E-5FDA-43D0-8AA8-1C0D66C94B3C}.Release|Any CPU.ActiveCfg = Release|Any CPU
		{5E19E63E-5FDA-43D0-8AA8-1C0D66C94B3C}.Release|Any CPU.Build.0 = Release|Any CPU
		{A28F402E-6C87-4BE2-A25B-367DC5C28A84}.Debug|Any CPU.ActiveCfg = Debug|Any CPU
		{A28F402E-6C87-4BE2-A25B-367DC5C28A84}.Debug|Any CPU.Build.0 = Debug|Any CPU
		{A28F402E-6C87-4BE2-A25B-367DC5C28A84}.Release|Any CPU.ActiveCfg = Release|Any CPU
		{A28F402E-6C87-4BE2-A25B-367DC5C28A84}.Release|Any CPU.Build.0 = Release|Any CPU
		{DE40DF18-45E8-4364-9E4F-3AC471D1E702}.Debug|Any CPU.ActiveCfg = Debug|Any CPU
		{DE40DF18-45E8-4364-9E4F-3AC471D1E702}.Debug|Any CPU.Build.0 = Debug|Any CPU
		{DE40DF18-45E8-4364-9E4F-3AC471D1E702}.Release|Any CPU.ActiveCfg = Release|Any CPU
		{DE40DF18-45E8-4364-9E4F-3AC471D1E702}.Release|Any CPU.Build.0 = Release|Any CPU
	EndGlobalSection
	GlobalSection(SolutionProperties) = preSolution
		HideSolutionNode = FALSE
	EndGlobalSection
	GlobalSection(NestedProjects) = preSolution
		{4B033FDD-65A1-4F27-8D39-AD413F8E2107} = {B8C94754-740F-4E06-AB38-FBFCC3E6C2D5}
		{1E9FD128-C326-46EF-88A2-30E3E2DBA393} = {4B033FDD-65A1-4F27-8D39-AD413F8E2107}
		{64D21A39-8DA0-4081-B1E7-7086299B03A3} = {C7903178-F183-439E-8481-742DE1F729E6}
		{6B547AE5-0E4A-4A23-B885-206004A7B233} = {B8C94754-740F-4E06-AB38-FBFCC3E6C2D5}
		{45F531A1-E93F-4D13-B6A0-D4820820D336} = {6B547AE5-0E4A-4A23-B885-206004A7B233}
		{4D18C6F7-07E0-42DC-9ACA-7D1A897D152C} = {B8C94754-740F-4E06-AB38-FBFCC3E6C2D5}
		{4EF38336-B52A-4068-8EDC-E4C1F5598D49} = {4D18C6F7-07E0-42DC-9ACA-7D1A897D152C}
		{EC503E68-92B4-4A27-8461-C24D2A6F559C} = {B8C94754-740F-4E06-AB38-FBFCC3E6C2D5}
		{50E93177-5BD0-405D-9E4B-0B7B3ED0B2CE} = {EC503E68-92B4-4A27-8461-C24D2A6F559C}
		{887330AC-5F9E-417D-8882-7C348AE38199} = {EC503E68-92B4-4A27-8461-C24D2A6F559C}
		{F4A35516-1C25-4ED3-848B-DA468280CCA2} = {EC503E68-92B4-4A27-8461-C24D2A6F559C}
		{5E19E63E-5FDA-43D0-8AA8-1C0D66C94B3C} = {EC503E68-92B4-4A27-8461-C24D2A6F559C}
		{A28F402E-6C87-4BE2-A25B-367DC5C28A84} = {C7903178-F183-439E-8481-742DE1F729E6}
		{DE40DF18-45E8-4364-9E4F-3AC471D1E702} = {69B59323-03D5-47DE-80F0-68323A0C709F}
	EndGlobalSection
EndGlobal
